# THIS IS AN AUTOGENERATED FILE. DO NOT EDIT THIS FILE DIRECTLY.
# yarn lockfile v1


"@babel/parser@^7.16.4":
  version "7.18.4"
  resolved "https://registry.npmmirror.com/@babel/parser/-/parser-7.18.4.tgz#6774231779dd700e0af29f6ad8d479582d7ce5ef"
  integrity sha512-FDge0dFazETFcxGw/EXzOkN8uJp0PC7Qbm+Pe9T+av2zlBpOgunFHkQPPn+eRuClU73JF+98D531UgayY89tow==

"@iarna/toml@^2.2.0":
  version "2.2.5"
  resolved "https://registry.npmmirror.com/@iarna/toml/-/toml-2.2.5.tgz#b32366c89b43c6f8cefbdefac778b9c828e3ba8c"
  integrity sha512-trnsAYxU3xnS1gPHPyU961coFyLkh4gAD/0zQ5mymY4yOZ+CYvsPqUbOFSw0aDM4y0tV7tiFxL/1XfXPNC6IPg==

"@nodelib/fs.scandir@2.1.5":
  version "2.1.5"
  resolved "https://registry.npmmirror.com/@nodelib/fs.scandir/-/fs.scandir-2.1.5.tgz#7619c2eb21b25483f6d167548b4cfd5a7488c3d5"
  integrity sha512-vq24Bq3ym5HEQm2NKCr3yXDwjc7vTsEThRDnkp2DK9p1uqLR+DHurm/NOTo0KG7HYHU7eppKZj3MyqYuMBf62g==
  dependencies:
    "@nodelib/fs.stat" "2.0.5"
    run-parallel "^1.1.9"

"@nodelib/fs.stat@2.0.5", "@nodelib/fs.stat@^2.0.2":
  version "2.0.5"
  resolved "https://registry.npmmirror.com/@nodelib/fs.stat/-/fs.stat-2.0.5.tgz#5bd262af94e9d25bd1e71b05deed44876a222e8b"
  integrity sha512-RkhPPp2zrqDAQA/2jNhnztcPAlv64XdhIp7a7454A5ovI7Bukxgt7MX7udwAu3zg1DcpPU0rz3VV1SeaqvY4+A==

"@nodelib/fs.walk@^1.2.3":
  version "1.2.8"
  resolved "https://registry.npmmirror.com/@nodelib/fs.walk/-/fs.walk-1.2.8.tgz#e95737e8bb6746ddedf69c556953494f196fe69a"
  integrity sha512-oGB+UxlgWcgQkgwo8GcEGwemoTFt3FIO9ababBmaGwXIoBKZ+GTy0pP185beGg7Llih/NSHSV2XAs1lnznocSg==
  dependencies:
    "@nodelib/fs.scandir" "2.1.5"
    fastq "^1.6.0"

"@parcel/codeframe@2.0.0-beta.2":
  version "2.0.0-beta.2"
  resolved "https://registry.npmmirror.com/@parcel/codeframe/-/codeframe-2.0.0-beta.2.tgz#5a72779cd3c75be54a26db91d113e477db93c79a"
  integrity sha512-l7/meH8amRVsDFmNJqX/cUH8O9FqPwZHcKCLi0yu1KzemKLODQCfMPJqm3JRwaAUK4oC8fULVGpN7m4wKlSQnQ==
  dependencies:
    chalk "^4.1.0"
    emphasize "^4.2.0"
    slice-ansi "^4.0.0"
    string-width "^4.2.0"

"@parcel/diagnostic@2.0.0-beta.2":
  version "2.0.0-beta.2"
  resolved "https://registry.npmmirror.com/@parcel/diagnostic/-/diagnostic-2.0.0-beta.2.tgz#ecdb2d03c057d4c104aa19b8a6ee431a201d6ca3"
  integrity sha512-6cRnWSRjzy5OPJyXl6DWAWoVfQg90chttwKd3lWDM4lpDDRq9hbpp4ADaOVAnF5rDd/B+mwwjAzxcgwJQD8u/w==
  dependencies:
    json-source-map "^0.6.1"
    nullthrows "^1.1.1"

"@parcel/events@2.0.0-beta.2":
  version "2.0.0-beta.2"
  resolved "https://registry.npmmirror.com/@parcel/events/-/events-2.0.0-beta.2.tgz#31e73129787422fa19b70d5b1a976169d18a05b7"
  integrity sha512-kbiFb/Qd8TavhmL84FTg3dN29Zi5Bi8bWqMgzA8hq7E8W5ezXpmw1Tu5wkjsNzHuOTj2YcAtxlTh3l29UEmh2g==

"@parcel/logger@2.0.0-beta.2":
  version "2.0.0-beta.2"
  resolved "https://registry.npmmirror.com/@parcel/logger/-/logger-2.0.0-beta.2.tgz#f721802b0549cc9a4a6509cc73cef7263a3f231b"
  integrity sha512-YuTUGN47eMctdtTx0hhqKUCRCtuqqV+n6MRrm5sTlg/XpZP8ySUnq4+8VqMqslB761GgXmaDKtNIebe0lc+Erw==
  dependencies:
    "@parcel/diagnostic" "2.0.0-beta.2"
    "@parcel/events" "2.0.0-beta.2"

"@parcel/markdown-ansi@2.0.0-beta.2":
  version "2.0.0-beta.2"
  resolved "https://registry.npmmirror.com/@parcel/markdown-ansi/-/markdown-ansi-2.0.0-beta.2.tgz#5270b64313c6bbcdd8b401ecd9e02dda9e71b465"
  integrity sha512-5fYNvwp2PpQaBxMM3qsVjVz5W8Rrc/eZdCaWudlxhucmUxy3BLedQ1ci6bSzjG1Fl/PDgzcIbZdrqD2+Z+QppA==
  dependencies:
    chalk "^4.1.0"

"@parcel/plugin@2.0.0-beta.2":
  version "2.0.0-beta.2"
  resolved "https://registry.npmmirror.com/@parcel/plugin/-/plugin-2.0.0-beta.2.tgz#78de0725c9dfb010ccbf92fe39b1aafa960675e5"
  integrity sha512-I89k7uc+yeSe6LrREajkvR6HnfcZzMDoz/TjnfG0W+iQYdKKaAuggf9zlQ6aOr8moGM1orcVSx5X+77u/tX0gg==
  dependencies:
    "@parcel/types" "2.0.0-beta.2"

"@parcel/source-map@2.0.0-alpha.4.21":
  version "2.0.0-alpha.4.21"
  resolved "https://registry.npmmirror.com/@parcel/source-map/-/source-map-2.0.0-alpha.4.21.tgz#608f37fefe05ba1d8a8527ca0f3a8487560d4695"
  integrity sha512-rKuySz3wRrAhmFriWGmAoAiVF+8VmA+Bzc19y9ITopk4Ax8a8+gmM5AJcXLZCmeVfr6gqdCwr+NsDwmT2Fk7QA==
  dependencies:
    node-addon-api "^3.0.0"
    node-gyp-build "^4.2.3"

"@parcel/transformer-vue@2.0.0-beta.2":
  version "2.0.0-beta.2"
  resolved "https://registry.npmmirror.com/@parcel/transformer-vue/-/transformer-vue-2.0.0-beta.2.tgz#2bb08288293f0aa50403d3d77c1ec9dc36826ea0"
  integrity sha512-fnhrDZxoisBgakbMt+mhLVpd152J4mGdu3b7tXDiIGgwtGb41JkrzYB2OYbzvjkDDHQMODDgc2qyPSThVh8vFw==
  dependencies:
    "@parcel/diagnostic" "2.0.0-beta.2"
    "@parcel/plugin" "2.0.0-beta.2"
    "@parcel/source-map" "2.0.0-alpha.4.21"
    "@parcel/utils" "2.0.0-beta.2"
    "@vue/compiler-sfc" "^3.0.0"
    consolidate "^0.16.0"
    nullthrows "^1.1.1"
    semver "^5.4.1"

"@parcel/types@2.0.0-beta.2":
  version "2.0.0-beta.2"
  resolved "https://registry.npmmirror.com/@parcel/types/-/types-2.0.0-beta.2.tgz#39530f885a546ccc8759ba8b970440bb7aadc146"
  integrity sha512-ri2BPGAFDntQbA5p3m/4QgnEqWYToUMkAtLelXSPbwnTM0KARavTAwSRqz1xwTdXa8gQyv4SSV7xURwaPaZ3GA==

"@parcel/utils@2.0.0-beta.2":
  version "2.0.0-beta.2"
  resolved "https://registry.npmmirror.com/@parcel/utils/-/utils-2.0.0-beta.2.tgz#705fb51f3a6e0e09b8fde86a8998f954ac7fb4d9"
  integrity sha512-v8vFGdUY/IuuL7dvmdNxhv4TowgqYDxupToxEvMix1GePRx7QTV1ugy/uWgMXhNIytFo4qyo1fWD7VcXLMS1TQ==
  dependencies:
    "@iarna/toml" "^2.2.0"
    "@parcel/codeframe" "2.0.0-beta.2"
    "@parcel/diagnostic" "2.0.0-beta.2"
    "@parcel/logger" "2.0.0-beta.2"
    "@parcel/markdown-ansi" "2.0.0-beta.2"
    "@parcel/source-map" "2.0.0-alpha.4.21"
    ansi-html "^0.0.7"
    chalk "^4.1.0"
    clone "^2.1.1"
    fast-glob "3.1.1"
    fastest-levenshtein "^1.0.8"
    is-glob "^4.0.0"
    is-url "^1.2.2"
    json5 "^1.0.1"
    lru-cache "^6.0.0"
    micromatch "^4.0.2"
    node-forge "^0.10.0"
    nullthrows "^1.1.1"
    open "^7.0.3"

"@types/echarts@^4.9.15":
  version "4.9.15"
  resolved "https://registry.npmmirror.com/@types/echarts/-/echarts-4.9.15.tgz#a3a5f577c2e747f8dc926dca788926493e6bebe1"
  integrity sha512-C+GhOl8jYjpZrPE9JPYgI8pH8+mIfsib2WoE5E+WpM2wRWZDQhaIy6ZZ1HhaZOT1h+QkrHvDVWUoGvXCzcb0rw==
  dependencies:
    "@types/zrender" "*"

"@types/vue@^2.0.0":
  version "2.0.0"
  resolved "https://registry.npmmirror.com/@types/vue/-/vue-2.0.0.tgz#ec77b3d89591deb9ca5cb052368aa9c32be088e7"
  integrity sha512-WDElkBv/o4lVwu6wYHB06AXs4Xo2fwDjJUpvPRc1QQdzkUSiGFjrYuSCy8raxLE5FObgKq8ND7R5gSZTFLK60w==
  dependencies:
    vue "*"

"@types/zrender@*":
  version "4.0.2"
  resolved "https://registry.npmmirror.com/@types/zrender/-/zrender-4.0.2.tgz#da360c7ddb32311f11f38706c82fd88bcafdf661"
  integrity sha512-Y/3hGzYeFdJUD4yWV0a+jkk3kIjtrbjzxwqkAWRjXLGm6lpL2tckg3vgopkn9KKPK1QyzwGH+JSDvzbKJO59+Q==

"@vue/compiler-core@3.2.36":
  version "3.2.36"
  resolved "https://registry.npmmirror.com/@vue/compiler-core/-/compiler-core-3.2.36.tgz#2fa44595308c95610602df54dcb69063ba2c8383"
  integrity sha512-bbyZM5hvBicv0PW3KUfVi+x3ylHnfKG7DOn5wM+f2OztTzTjLEyBb/5yrarIYpmnGitVGbjZqDbODyW4iK8hqw==
  dependencies:
    "@babel/parser" "^7.16.4"
    "@vue/shared" "3.2.36"
    estree-walker "^2.0.2"
    source-map "^0.6.1"

"@vue/compiler-dom@3.2.36":
  version "3.2.36"
  resolved "https://registry.npmmirror.com/@vue/compiler-dom/-/compiler-dom-3.2.36.tgz#16d911ff163ed5fc8087a01645bf14bb7f325401"
  integrity sha512-tcOTAOiW4s24QLnq+ON6J+GRONXJ+A/mqKCORi0LSlIh8XQlNnlm24y8xIL8la+ZDgkdbjarQ9ZqYSvEja6gVA==
  dependencies:
    "@vue/compiler-core" "3.2.36"
    "@vue/shared" "3.2.36"

"@vue/compiler-sfc@3.2.36", "@vue/compiler-sfc@^3.0.0":
  version "3.2.36"
  resolved "https://registry.npmmirror.com/@vue/compiler-sfc/-/compiler-sfc-3.2.36.tgz#e5065e7c0e5170ffa750e3c3dd93a29db109d0f2"
  integrity sha512-AvGb4bTj4W8uQ4BqaSxo7UwTEqX5utdRSMyHy58OragWlt8nEACQ9mIeQh3K4di4/SX+41+pJrLIY01lHAOFOA==
  dependencies:
    "@babel/parser" "^7.16.4"
    "@vue/compiler-core" "3.2.36"
    "@vue/compiler-dom" "3.2.36"
    "@vue/compiler-ssr" "3.2.36"
    "@vue/reactivity-transform" "3.2.36"
    "@vue/shared" "3.2.36"
    estree-walker "^2.0.2"
    magic-string "^0.25.7"
    postcss "^8.1.10"
    source-map "^0.6.1"

"@vue/compiler-ssr@3.2.36":
  version "3.2.36"
  resolved "https://registry.npmmirror.com/@vue/compiler-ssr/-/compiler-ssr-3.2.36.tgz#314f3a9424db58142c3608f48cbda7aa05fc66cb"
  integrity sha512-+KugInUFRvOxEdLkZwE+W43BqHyhBh0jpYXhmqw1xGq2dmE6J9eZ8UUSOKNhdHtQ/iNLWWeK/wPZkVLUf3YGaw==
  dependencies:
    "@vue/compiler-dom" "3.2.36"
    "@vue/shared" "3.2.36"

"@vue/reactivity-transform@3.2.36":
  version "3.2.36"
  resolved "https://registry.npmmirror.com/@vue/reactivity-transform/-/reactivity-transform-3.2.36.tgz#8426a941b0b09d1b94fc162d4642758183b5d133"
  integrity sha512-Jk5o2BhpODC9XTA7o4EL8hSJ4JyrFWErLtClG3NH8wDS7ri9jBDWxI7/549T7JY9uilKsaNM+4pJASLj5dtRwA==
  dependencies:
    "@babel/parser" "^7.16.4"
    "@vue/compiler-core" "3.2.36"
    "@vue/shared" "3.2.36"
    estree-walker "^2.0.2"
    magic-string "^0.25.7"

"@vue/reactivity@3.2.36":
  version "3.2.36"
  resolved "https://registry.npmmirror.com/@vue/reactivity/-/reactivity-3.2.36.tgz#026b14e716febffe80cd284fd8a2b33378968646"
  integrity sha512-c2qvopo0crh9A4GXi2/2kfGYMxsJW4tVILrqRPydVGZHhq0fnzy6qmclWOhBFckEhmyxmpHpdJtIRYGeKcuhnA==
  dependencies:
    "@vue/shared" "3.2.36"

"@vue/runtime-core@3.2.36":
  version "3.2.36"
  resolved "https://registry.npmmirror.com/@vue/runtime-core/-/runtime-core-3.2.36.tgz#be5115e665679c26bf3807d2326675dc1d847134"
  integrity sha512-PTWBD+Lub+1U3/KhbCExrfxyS14hstLX+cBboxVHaz+kXoiDLNDEYAovPtxeTutbqtClIXtft+wcGdC+FUQ9qQ==
  dependencies:
    "@vue/reactivity" "3.2.36"
    "@vue/shared" "3.2.36"

"@vue/runtime-dom@3.2.36":
  version "3.2.36"
  resolved "https://registry.npmmirror.com/@vue/runtime-dom/-/runtime-dom-3.2.36.tgz#cd5d403ea23c18ee7c17767103a1b2f8263c54bb"
  integrity sha512-gYPYblm7QXHVuBohqNRRT7Wez0f2Mx2D40rb4fleehrJU9CnkjG0phhcGEZFfGwCmHZRqBCRgbFWE98bPULqkg==
  dependencies:
    "@vue/runtime-core" "3.2.36"
    "@vue/shared" "3.2.36"
    csstype "^2.6.8"

"@vue/server-renderer@3.2.36":
  version "3.2.36"
  resolved "https://registry.npmmirror.com/@vue/server-renderer/-/server-renderer-3.2.36.tgz#1e7c1cf63bd17df7828d04e8c780ee6ca7a9ed7c"
  integrity sha512-uZE0+jfye6yYXWvAQYeHZv+f50sRryvy16uiqzk3jn8hEY8zTjI+rzlmZSGoE915k+W/Ol9XSw6vxOUD8dGkUg==
  dependencies:
    "@vue/compiler-ssr" "3.2.36"
    "@vue/shared" "3.2.36"

"@vue/shared@3.2.36":
  version "3.2.36"
  resolved "https://registry.npmmirror.com/@vue/shared/-/shared-3.2.36.tgz#35e11200542cf29068ba787dad57da9bdb82f644"
  integrity sha512-JtB41wXl7Au3+Nl3gD16Cfpj7k/6aCroZ6BbOiCMFCMvrOpkg/qQUXTso2XowaNqBbnkuGHurLAqkLBxNGc1hQ==

ansi-html@^0.0.7:
  version "0.0.7"
  resolved "https://registry.npmmirror.com/ansi-html/-/ansi-html-0.0.7.tgz#813584021962a9e9e6fd039f940d12f56ca7859e"
  integrity sha512-JoAxEa1DfP9m2xfB/y2r/aKcwXNlltr4+0QSBC4TrLfcxyvepX2Pv0t/xpgGV5bGsDzCYV8SzjWgyCW0T9yYbA==

ansi-regex@^5.0.1:
  version "5.0.1"
  resolved "https://registry.npmmirror.com/ansi-regex/-/ansi-regex-5.0.1.tgz#082cb2c89c9fe8659a311a53bd6a4dc5301db304"
  integrity sha512-quJQXlTSUGL2LH9SUXo8VwsY4soanhgo6LNSm84E1LBcE8s3O0wpdiRzyR9z/ZZJMlMWv37qOOb9pdJlMUEKFQ==

ansi-styles@^4.0.0, ansi-styles@^4.1.0:
  version "4.3.0"
  resolved "https://registry.npmmirror.com/ansi-styles/-/ansi-styles-4.3.0.tgz#edd803628ae71c04c85ae7a0906edad34b648937"
  integrity sha512-zbB9rCJAT1rbjiVDb2hqKFHNYLxgtk8NURxZ3IZwD3F6NtxbXZQCnnSi1Lkx+IDohdPlFp222wVALIheZJQSEg==
  dependencies:
    color-convert "^2.0.1"

astral-regex@^2.0.0:
  version "2.0.0"
  resolved "https://registry.npmmirror.com/astral-regex/-/astral-regex-2.0.0.tgz#483143c567aeed4785759c0865786dc77d7d2e31"
  integrity sha512-Z7tMw1ytTXt5jqMcOP+OQteU1VuNK9Y02uuJtKQ1Sv69jXQKKg5cibLwGJow8yzZP+eAc18EmLGPal0bp36rvQ==

bluebird@^3.7.2:
  version "3.7.2"
  resolved "https://registry.npmmirror.com/bluebird/-/bluebird-3.7.2.tgz#9f229c15be272454ffa973ace0dbee79a1b0c36f"
  integrity sha512-XpNj6GDQzdfW+r2Wnn7xiSAd7TM3jzkxGXBGTtWKuSXv1xUV+azxAm8jdWZN06QTQk+2N2XB9jRDkvbmQmcRtg==

braces@^3.0.2:
  version "3.0.2"
  resolved "https://registry.npmmirror.com/braces/-/braces-3.0.2.tgz#3454e1a462ee8d599e236df336cd9ea4f8afe107"
  integrity sha512-b8um+L1RzM3WDSzvhm6gIz1yfTbBt6YTlcEKAvsmqCZZFw46z626lVj9j1yEPW33H5H+lBQpZMP1k8l+78Ha0A==
  dependencies:
    fill-range "^7.0.1"

chalk@^4.0.0, chalk@^4.1.0:
  version "4.1.2"
  resolved "https://registry.npmmirror.com/chalk/-/chalk-4.1.2.tgz#aac4e2b7734a740867aeb16bf02aad556a1e7a01"
  integrity sha512-oKnbhFyRIXpUuez8iBMmyEa4nbj4IOQyuhc/wy9kY7/WVPcwIO9VA668Pu8RkO7+0G76SLROeyw9CpQ061i4mA==
  dependencies:
    ansi-styles "^4.1.0"
    supports-color "^7.1.0"

clone@^2.1.1:
  version "2.1.2"
  resolved "https://registry.npmmirror.com/clone/-/clone-2.1.2.tgz#1b7f4b9f591f1e8f83670401600345a02887435f"
  integrity sha512-3Pe/CF1Nn94hyhIYpjtiLhdCoEoz0DqQ+988E9gmeEdQZlojxnOb74wctFyuwWQHzqyf9X7C7MG8juUpqBJT8w==

color-convert@^2.0.1:
  version "2.0.1"
  resolved "https://registry.npmmirror.com/color-convert/-/color-convert-2.0.1.tgz#72d3a68d598c9bdb3af2ad1e84f21d896abd4de3"
  integrity sha512-RRECPsj7iu/xb5oKYcsFHSppFNnsj/52OVTRKb4zP5onXwVF3zVmmToNcOfGC+CRDpfK/U584fMg38ZHCaElKQ==
  dependencies:
    color-name "~1.1.4"

color-name@~1.1.4:
  version "1.1.4"
  resolved "https://registry.npmmirror.com/color-name/-/color-name-1.1.4.tgz#c2a09a87acbde69543de6f63fa3995c826c536a2"
  integrity sha512-dOy+3AuW3a2wNbZHIuMZpTcgjGuLU/uBL/ubcZF9OXbDo8ff4O8yVp5Bf0efS8uEoYo5q4Fx7dY9OgQGXgAsQA==

consolidate@^0.16.0:
  version "0.16.0"
  resolved "https://registry.npmmirror.com/consolidate/-/consolidate-0.16.0.tgz#a11864768930f2f19431660a65906668f5fbdc16"
  integrity sha512-Nhl1wzCslqXYTJVDyJCu3ODohy9OfBMB5uD2BiBTzd7w+QY0lBzafkR8y8755yMYHAaMD4NuzbAw03/xzfw+eQ==
  dependencies:
    bluebird "^3.7.2"

csstype@^2.6.8:
  version "2.6.20"
  resolved "https://registry.npmmirror.com/csstype/-/csstype-2.6.20.tgz#9229c65ea0b260cf4d3d997cb06288e36a8d6dda"
  integrity sha512-/WwNkdXfckNgw6S5R125rrW8ez139lBHWouiBvX8dfMFtcn6V81REDqnH7+CRpRipfYlyU1CmOnOxrmGcFOjeA==

echarts@^5.3.2:
  version "5.3.2"
  resolved "https://registry.npmmirror.com/echarts/-/echarts-5.3.2.tgz#0a7b3be8c48a48b2e7cb1b82121df0c208d42d2c"
  integrity sha512-LWCt7ohOKdJqyiBJ0OGBmE9szLdfA9sGcsMEi+GGoc6+Xo75C+BkcT/6NNGRHAWtnQl2fNow05AQjznpap28TQ==
  dependencies:
    tslib "2.3.0"
    zrender "5.3.1"

emoji-regex@^8.0.0:
  version "8.0.0"
  resolved "https://registry.npmmirror.com/emoji-regex/-/emoji-regex-8.0.0.tgz#e818fd69ce5ccfcb404594f842963bf53164cc37"
  integrity sha512-MSjYzcWNOA0ewAHpz0MxpYFvwg6yjy1NG3xteoqz644VCo/RPgnr1/GGt+ic3iJTzQ8Eu3TdM14SawnVUmGE6A==

emphasize@^4.2.0:
  version "4.2.0"
  resolved "https://registry.npmmirror.com/emphasize/-/emphasize-4.2.0.tgz#6b6fdc4d212cb7eafea1c7cdd595dfd6cfc508d9"
  integrity sha512-yGKvcFUHlBsUPwlxTlzKLR8+zhpbitkFOMCUxN8fTJng9bdH3WNzUGkhdaGdjndSUgqmMPBN7umfwnUdLz5Axg==
  dependencies:
    chalk "^4.0.0"
    highlight.js "~10.4.0"
    lowlight "~1.17.0"

estree-walker@^2.0.2:
  version "2.0.2"
  resolved "https://registry.npmmirror.com/estree-walker/-/estree-walker-2.0.2.tgz#52f010178c2a4c117a7757cfe942adb7d2da4cac"
  integrity sha512-Rfkk/Mp/DL7JVje3u18FxFujQlTNR2q6QfMSMB7AvCBx91NGj/ba3kCfza0f6dVDbw7YlRf/nDrn7pQrCCyQ/w==

fast-glob@3.1.1:
  version "3.1.1"
  resolved "https://registry.npmmirror.com/fast-glob/-/fast-glob-3.1.1.tgz#87ee30e9e9f3eb40d6f254a7997655da753d7c82"
  integrity sha512-nTCREpBY8w8r+boyFYAx21iL6faSsQynliPHM4Uf56SbkyohCNxpVPEH9xrF5TXKy+IsjkPUHDKiUkzBVRXn9g==
  dependencies:
    "@nodelib/fs.stat" "^2.0.2"
    "@nodelib/fs.walk" "^1.2.3"
    glob-parent "^5.1.0"
    merge2 "^1.3.0"
    micromatch "^4.0.2"

fastest-levenshtein@^1.0.8:
  version "1.0.12"
  resolved "https://registry.npmmirror.com/fastest-levenshtein/-/fastest-levenshtein-1.0.12.tgz#9990f7d3a88cc5a9ffd1f1745745251700d497e2"
  integrity sha512-On2N+BpYJ15xIC974QNVuYGMOlEVt4s0EOI3wwMqOmK1fdDY+FN/zltPV8vosq4ad4c/gJ1KHScUn/6AWIgiow==

fastq@^1.6.0:
  version "1.13.0"
  resolved "https://registry.npmmirror.com/fastq/-/fastq-1.13.0.tgz#616760f88a7526bdfc596b7cab8c18938c36b98c"
  integrity sha512-YpkpUnK8od0o1hmeSc7UUs/eB/vIPWJYjKck2QKIzAf71Vm1AAQ3EbuZB3g2JIy+pg+ERD0vqI79KyZiB2e2Nw==
  dependencies:
    reusify "^1.0.4"

fault@^1.0.0:
  version "1.0.4"
  resolved "https://registry.npmmirror.com/fault/-/fault-1.0.4.tgz#eafcfc0a6d214fc94601e170df29954a4f842f13"
  integrity sha512-CJ0HCB5tL5fYTEA7ToAq5+kTwd++Borf1/bifxd9iT70QcXr4MRrO3Llf8Ifs70q+SJcGHFtnIE/Nw6giCtECA==
  dependencies:
    format "^0.2.0"

fill-range@^7.0.1:
  version "7.0.1"
  resolved "https://registry.npmmirror.com/fill-range/-/fill-range-7.0.1.tgz#1919a6a7c75fe38b2c7c77e5198535da9acdda40"
  integrity sha512-qOo9F+dMUmC2Lcb4BbVvnKJxTPjCm+RRpe4gDuGrzkL7mEVl/djYSu2OdQ2Pa302N4oqkSg9ir6jaLWJ2USVpQ==
  dependencies:
    to-regex-range "^5.0.1"

format@^0.2.0:
  version "0.2.2"
  resolved "https://registry.npmmirror.com/format/-/format-0.2.2.tgz#d6170107e9efdc4ed30c9dc39016df942b5cb58b"
  integrity sha512-wzsgA6WOq+09wrU1tsJ09udeR/YZRaeArL9e1wPbFg3GG2yDnC2ldKpxs4xunpFF9DgqCqOIra3bc1HWrJ37Ww==

glob-parent@^5.1.0:
  version "5.1.2"
  resolved "https://registry.npmmirror.com/glob-parent/-/glob-parent-5.1.2.tgz#869832c58034fe68a4093c17dc15e8340d8401c4"
  integrity sha512-AOIgSQCepiJYwP3ARnGx+5VnTu2HBYdzbGP45eLw1vr3zB3vZLeyed1sC9hnbcOc9/SrMyM5RPQrkGz4aS9Zow==
  dependencies:
    is-glob "^4.0.1"

has-flag@^4.0.0:
  version "4.0.0"
  resolved "https://registry.npmmirror.com/has-flag/-/has-flag-4.0.0.tgz#944771fd9c81c81265c4d6941860da06bb59479b"
  integrity sha512-EykJT/Q1KjTWctppgIAgfSO0tKVuZUjhgMr17kqTumMl6Afv3EISleU7qZUzoXDFTAHTDC4NOoG/ZxU3EvlMPQ==

highlight.js@~10.4.0:
  version "10.4.1"
  resolved "https://registry.npmmirror.com/highlight.js/-/highlight.js-10.4.1.tgz#d48fbcf4a9971c4361b3f95f302747afe19dbad0"
  integrity sha512-yR5lWvNz7c85OhVAEAeFhVCc/GV4C30Fjzc/rCP0aCWzc1UUOPUk55dK/qdwTZHBvMZo+eZ2jpk62ndX/xMFlg==

is-docker@^2.0.0:
  version "2.2.1"
  resolved "https://registry.npmmirror.com/is-docker/-/is-docker-2.2.1.tgz#33eeabe23cfe86f14bde4408a02c0cfb853acdaa"
  integrity sha512-F+i2BKsFrH66iaUFc0woD8sLy8getkwTwtOBjvs56Cx4CgJDeKQeqfz8wAYiSb8JOprWhHH5p77PbmYCvvUuXQ==

is-extglob@^2.1.1:
  version "2.1.1"
  resolved "https://registry.npmmirror.com/is-extglob/-/is-extglob-2.1.1.tgz#a88c02535791f02ed37c76a1b9ea9773c833f8c2"
  integrity sha512-SbKbANkN603Vi4jEZv49LeVJMn4yGwsbzZworEoyEiutsN3nJYdbO36zfhGJ6QEDpOZIFkDtnq5JRxmvl3jsoQ==

is-fullwidth-code-point@^3.0.0:
  version "3.0.0"
  resolved "https://registry.npmmirror.com/is-fullwidth-code-point/-/is-fullwidth-code-point-3.0.0.tgz#f116f8064fe90b3f7844a38997c0b75051269f1d"
  integrity sha512-zymm5+u+sCsSWyD9qNaejV3DFvhCKclKdizYaJUuHA83RLjb7nSuGnddCHGv0hk+KY7BMAlsWeK4Ueg6EV6XQg==

is-glob@^4.0.0, is-glob@^4.0.1:
  version "4.0.3"
  resolved "https://registry.npmmirror.com/is-glob/-/is-glob-4.0.3.tgz#64f61e42cbbb2eec2071a9dac0b28ba1e65d5084"
  integrity sha512-xelSayHH36ZgE7ZWhli7pW34hNbNl8Ojv5KVmkJD4hBdD3th8Tfk9vYasLM+mXWOZhFkgZfxhLSnrwRr4elSSg==
  dependencies:
    is-extglob "^2.1.1"

is-number@^7.0.0:
  version "7.0.0"
  resolved "https://registry.npmmirror.com/is-number/-/is-number-7.0.0.tgz#7535345b896734d5f80c4d06c50955527a14f12b"
  integrity sha512-41Cifkg6e8TylSpdtTpeLVMqvSBEVzTttHvERD741+pnZ8ANv0004MRL43QKPDlK9cGvNp6NZWZUBlbGXYxxng==

is-url@^1.2.2:
  version "1.2.4"
  resolved "https://registry.npmmirror.com/is-url/-/is-url-1.2.4.tgz#04a4df46d28c4cff3d73d01ff06abeb318a1aa52"
  integrity sha512-ITvGim8FhRiYe4IQ5uHSkj7pVaPDrCTkNd3yq3cV7iZAcJdHTUMPMEHcqSOy9xZ9qFenQCvi+2wjH9a1nXqHww==

is-wsl@^2.1.1:
  version "2.2.0"
  resolved "https://registry.npmmirror.com/is-wsl/-/is-wsl-2.2.0.tgz#74a4c76e77ca9fd3f932f290c17ea326cd157271"
  integrity sha512-fKzAra0rGJUUBwGBgNkHZuToZcn+TtXHpeCgmkMJMMYx1sQDYaCSyjJBSCa2nH1DGm7s3n1oBnohoVTBaN7Lww==
  dependencies:
    is-docker "^2.0.0"

json-source-map@^0.6.1:
  version "0.6.1"
  resolved "https://registry.npmmirror.com/json-source-map/-/json-source-map-0.6.1.tgz#e0b1f6f4ce13a9ad57e2ae165a24d06e62c79a0f"
  integrity sha512-1QoztHPsMQqhDq0hlXY5ZqcEdUzxQEIxgFkKl4WUp2pgShObl+9ovi4kRh2TfvAfxAoHOJ9vIMEqk3k4iex7tg==

json5@^1.0.1:
  version "1.0.1"
  resolved "https://registry.npmmirror.com/json5/-/json5-1.0.1.tgz#779fb0018604fa854eacbf6252180d83543e3dbe"
  integrity sha512-aKS4WQjPenRxiQsC93MNfjx+nbF4PAdYzmd/1JIj8HYzqfbu86beTuNgXDzPknWk0n0uARlyewZo4s++ES36Ow==
  dependencies:
    minimist "^1.2.0"

lowlight@~1.17.0:
  version "1.17.0"
  resolved "https://registry.npmmirror.com/lowlight/-/lowlight-1.17.0.tgz#a1143b2fba8239df8cd5893f9fe97aaf8465af4a"
  integrity sha512-vmtBgYKD+QVNy7tIa7ulz5d//Il9R4MooOVh4nkOf9R9Cb/Dk5TXMSTieg/vDulkBkIWj59/BIlyFQxT9X1oAQ==
  dependencies:
    fault "^1.0.0"
    highlight.js "~10.4.0"

lru-cache@^6.0.0:
  version "6.0.0"
  resolved "https://registry.npmmirror.com/lru-cache/-/lru-cache-6.0.0.tgz#6d6fe6570ebd96aaf90fcad1dafa3b2566db3a94"
  integrity sha512-Jo6dJ04CmSjuznwJSS3pUeWmd/H0ffTlkXXgwZi+eq1UCmqQwCh+eLsYOYCwY991i2Fah4h1BEMCx4qThGbsiA==
  dependencies:
    yallist "^4.0.0"

magic-string@^0.25.7:
  version "0.25.9"
  resolved "https://registry.npmmirror.com/magic-string/-/magic-string-0.25.9.tgz#de7f9faf91ef8a1c91d02c2e5314c8277dbcdd1c"
  integrity sha512-RmF0AsMzgt25qzqqLc1+MbHmhdx0ojF2Fvs4XnOqz2ZOBXzzkEwc/dJQZCYHAn7v1jbVOjAZfK8msRn4BxO4VQ==
  dependencies:
    sourcemap-codec "^1.4.8"

merge2@^1.3.0:
  version "1.4.1"
  resolved "https://registry.npmmirror.com/merge2/-/merge2-1.4.1.tgz#4368892f885e907455a6fd7dc55c0c9d404990ae"
  integrity sha512-8q7VEgMJW4J8tcfVPy8g09NcQwZdbwFEqhe/WZkoIzjn/3TGDwtOCYtXGxA3O8tPzpczCCDgv+P2P5y00ZJOOg==

micromatch@^4.0.2:
  version "4.0.5"
  resolved "https://registry.npmmirror.com/micromatch/-/micromatch-4.0.5.tgz#bc8999a7cbbf77cdc89f132f6e467051b49090c6"
  integrity sha512-DMy+ERcEW2q8Z2Po+WNXuw3c5YaUSFjAO5GsJqfEl7UjvtIuFKO6ZrKvcItdy98dwFI2N1tg3zNIdKaQT+aNdA==
  dependencies:
    braces "^3.0.2"
    picomatch "^2.3.1"

minimist@^1.2.0:
  version "1.2.6"
  resolved "https://registry.npmmirror.com/minimist/-/minimist-1.2.6.tgz#8637a5b759ea0d6e98702cfb3a9283323c93af44"
  integrity sha512-Jsjnk4bw3YJqYzbdyBiNsPWHPfO++UGG749Cxs6peCu5Xg4nrena6OVxOYxrQTqww0Jmwt+Ref8rggumkTLz9Q==

nanoid@^3.3.4:
  version "3.3.4"
  resolved "https://registry.npmmirror.com/nanoid/-/nanoid-3.3.4.tgz#730b67e3cd09e2deacf03c027c81c9d9dbc5e8ab"
  integrity sha512-MqBkQh/OHTS2egovRtLk45wEyNXwF+cokD+1YPf9u5VfJiRdAiRwB2froX5Co9Rh20xs4siNPm8naNotSD6RBw==

node-addon-api@^3.0.0:
  version "3.2.1"
  resolved "https://registry.npmmirror.com/node-addon-api/-/node-addon-api-3.2.1.tgz#81325e0a2117789c0128dab65e7e38f07ceba161"
  integrity sha512-mmcei9JghVNDYydghQmeDX8KoAm0FAiYyIcUt/N4nhyAipB17pllZQDOJD2fotxABnt4Mdz+dKTO7eftLg4d0A==

node-forge@^0.10.0:
  version "0.10.0"
  resolved "https://registry.npmmirror.com/node-forge/-/node-forge-0.10.0.tgz#32dea2afb3e9926f02ee5ce8794902691a676bf3"
  integrity sha512-PPmu8eEeG9saEUvI97fm4OYxXVB6bFvyNTyiUOBichBpFG8A1Ljw3bY62+5oOjDEMHRnd0Y7HQ+x7uzxOzC6JA==

node-gyp-build@^4.2.3:
  version "4.4.0"
  resolved "https://registry.npmmirror.com/node-gyp-build/-/node-gyp-build-4.4.0.tgz#42e99687ce87ddeaf3a10b99dc06abc11021f3f4"
  integrity sha512-amJnQCcgtRVw9SvoebO3BKGESClrfXGCUTX9hSn1OuGQTQBOZmVd0Z0OlecpuRksKvbsUqALE8jls/ErClAPuQ==

nullthrows@^1.1.1:
  version "1.1.1"
  resolved "https://registry.npmmirror.com/nullthrows/-/nullthrows-1.1.1.tgz#7818258843856ae971eae4208ad7d7eb19a431b1"
  integrity sha512-2vPPEi+Z7WqML2jZYddDIfy5Dqb0r2fze2zTxNNknZaFpVHU3mFB3R+DWeJWGVx0ecvttSGlJTI+WG+8Z4cDWw==

open@^7.0.3:
  version "7.4.2"
  resolved "https://registry.npmmirror.com/open/-/open-7.4.2.tgz#b8147e26dcf3e426316c730089fd71edd29c2321"
  integrity sha512-MVHddDVweXZF3awtlAS+6pgKLlm/JgxZ90+/NBurBoQctVOOB/zDdVjcyPzQ+0laDGbsWgrRkflI65sQeOgT9Q==
  dependencies:
    is-docker "^2.0.0"
    is-wsl "^2.1.1"

picocolors@^1.0.0:
  version "1.0.0"
  resolved "https://registry.npmmirror.com/picocolors/-/picocolors-1.0.0.tgz#cb5bdc74ff3f51892236eaf79d68bc44564ab81c"
  integrity sha512-1fygroTLlHu66zi26VoTDv8yRgm0Fccecssto+MhsZ0D/DGW2sm8E8AjW7NU5VVTRt5GxbeZ5qBuJr+HyLYkjQ==

picomatch@^2.3.1:
  version "2.3.1"
  resolved "https://registry.npmmirror.com/picomatch/-/picomatch-2.3.1.tgz#3ba3833733646d9d3e4995946c1365a67fb07a42"
  integrity sha512-JU3teHTNjmE2VCGFzuY8EXzCDVwEqB2a8fsIvwaStHhAWJEeVd1o1QD80CU6+ZdEXXSLbSsuLwJjkCBWqRQUVA==

postcss@^8.1.10:
  version "8.4.14"
  resolved "https://registry.npmmirror.com/postcss/-/postcss-8.4.14.tgz#ee9274d5622b4858c1007a74d76e42e56fd21caf"
  integrity sha512-E398TUmfAYFPBSdzgeieK2Y1+1cpdxJx8yXbK/m57nRhKSmk1GB2tO4lbLBtlkfPQTDKfe4Xqv1ASWPpayPEig==
  dependencies:
    nanoid "^3.3.4"
    picocolors "^1.0.0"
    source-map-js "^1.0.2"

queue-microtask@^1.2.2:
  version "1.2.3"
  resolved "https://registry.npmmirror.com/queue-microtask/-/queue-microtask-1.2.3.tgz#4929228bbc724dfac43e0efb058caf7b6cfb6243"
  integrity sha512-NuaNSa6flKT5JaSYQzJok04JzTL1CA6aGhv5rfLW3PgqA+M2ChpZQnAC8h8i4ZFkBS8X5RqkDBHA7r4hej3K9A==

reusify@^1.0.4:
  version "1.0.4"
  resolved "https://registry.npmmirror.com/reusify/-/reusify-1.0.4.tgz#90da382b1e126efc02146e90845a88db12925d76"
  integrity sha512-U9nH88a3fc/ekCF1l0/UP1IosiuIjyTh7hBvXVMHYgVcfGvt897Xguj2UOLDeI5BG2m7/uwyaLVT6fbtCwTyzw==

run-parallel@^1.1.9:
  version "1.2.0"
  resolved "https://registry.npmmirror.com/run-parallel/-/run-parallel-1.2.0.tgz#66d1368da7bdf921eb9d95bd1a9229e7f21a43ee"
  integrity sha512-5l4VyZR86LZ/lDxZTR6jqL8AFE2S0IFLMP26AbjsLVADxHdhB/c0GUsH+y39UfCi3dzz8OlQuPmnaJOMoDHQBA==
  dependencies:
    queue-microtask "^1.2.2"

semver@^5.4.1:
  version "5.7.1"
  resolved "https://registry.npmmirror.com/semver/-/semver-5.7.1.tgz#a954f931aeba508d307bbf069eff0c01c96116f7"
  integrity sha512-sauaDf/PZdVgrLTNYHRtpXa1iRiKcaebiKQ1BJdpQlWH2lCvexQdX55snPFyK7QzpudqbCI0qXFfOasHdyNDGQ==

slice-ansi@^4.0.0:
  version "4.0.0"
  resolved "https://registry.npmmirror.com/slice-ansi/-/slice-ansi-4.0.0.tgz#500e8dd0fd55b05815086255b3195adf2a45fe6b"
  integrity sha512-qMCMfhY040cVHT43K9BFygqYbUPFZKHOg7K73mtTWJRb8pyP3fzf4Ixd5SzdEJQ6MRUg/WBnOLxghZtKKurENQ==
  dependencies:
    ansi-styles "^4.0.0"
    astral-regex "^2.0.0"
    is-fullwidth-code-point "^3.0.0"

source-map-js@^1.0.2:
  version "1.0.2"
  resolved "https://registry.npmmirror.com/source-map-js/-/source-map-js-1.0.2.tgz#adbc361d9c62df380125e7f161f71c826f1e490c"
  integrity sha512-R0XvVJ9WusLiqTCEiGCmICCMplcCkIwwR11mOSD9CR5u+IXYdiseeEuXCVAjS54zqwkLcPNnmU4OeJ6tUrWhDw==

source-map@^0.6.1:
  version "0.6.1"
  resolved "https://registry.npmmirror.com/source-map/-/source-map-0.6.1.tgz#74722af32e9614e9c287a8d0bbde48b5e2f1a263"
  integrity sha512-UjgapumWlbMhkBgzT7Ykc5YXUT46F0iKu8SGXq0bcwP5dz/h0Plj6enJqjz1Zbq2l5WaqYnrVbwWOWMyF3F47g==

sourcemap-codec@^1.4.8:
  version "1.4.8"
  resolved "https://registry.npmmirror.com/sourcemap-codec/-/sourcemap-codec-1.4.8.tgz#ea804bd94857402e6992d05a38ef1ae35a9ab4c4"
  integrity sha512-9NykojV5Uih4lgo5So5dtw+f0JgJX30KCNI8gwhz2J9A15wD0Ml6tjHKwf6fTSa6fAdVBdZeNOs9eJ71qCk8vA==

string-width@^4.2.0:
  version "4.2.3"
  resolved "https://registry.npmmirror.com/string-width/-/string-width-4.2.3.tgz#269c7117d27b05ad2e536830a8ec895ef9c6d010"
  integrity sha512-wKyQRQpjJ0sIp62ErSZdGsjMJWsap5oRNihHhu6G7JVO/9jIB6UyevL+tXuOqrng8j/cxKTWyWUwvSTriiZz/g==
  dependencies:
    emoji-regex "^8.0.0"
    is-fullwidth-code-point "^3.0.0"
    strip-ansi "^6.0.1"

strip-ansi@^6.0.1:
  version "6.0.1"
  resolved "https://registry.npmmirror.com/strip-ansi/-/strip-ansi-6.0.1.tgz#9e26c63d30f53443e9489495b2105d37b67a85d9"
  integrity sha512-Y38VPSHcqkFrCpFnQ9vuSXmquuv5oXOKpGeT6aGrr3o3Gc9AlVa6JBfUSOCnbxGGZF+/0ooI7KrPuUSztUdU5A==
  dependencies:
    ansi-regex "^5.0.1"

supports-color@^7.1.0:
  version "7.2.0"
  resolved "https://registry.npmmirror.com/supports-color/-/supports-color-7.2.0.tgz#1b7dcdcb32b8138801b3e478ba6a51caa89648da"
  integrity sha512-qpCAvRl9stuOHveKsn7HncJRvv501qIacKzQlO/+Lwxc9+0q2wLyv4Dfvt80/DPn2pqOBsJdDiogXGR9+OvwRw==
  dependencies:
    has-flag "^4.0.0"

to-regex-range@^5.0.1:
  version "5.0.1"
  resolved "https://registry.npmmirror.com/to-regex-range/-/to-regex-range-5.0.1.tgz#1648c44aae7c8d988a326018ed72f5b4dd0392e4"
  integrity sha512-65P7iz6X5yEr1cwcgvQxbbIw7Uk3gOy5dIdtZ4rDveLqhrdJP+Li/Hx6tyK0NEb+2GCyneCMJiGqrADCSNk8sQ==
  dependencies:
    is-number "^7.0.0"

tslib@2.3.0:
  version "2.3.0"
  resolved "https://registry.npmmirror.com/tslib/-/tslib-2.3.0.tgz#803b8cdab3e12ba581a4ca41c8839bbb0dacb09e"
  integrity sha512-N82ooyxVNm6h1riLCoyS9e3fuJ3AMG2zIZs2Gd1ATcSFjSA23Q0fzjjZeh0jbJvWVDZ0cJT8yaNNaaXHzueNjg==

vue@*:
  version "3.2.36"
  resolved "https://registry.npmmirror.com/vue/-/vue-3.2.36.tgz#8daa996e2ced521708de97d066c7c998e8bc3378"
  integrity sha512-5yTXmrE6gW8IQgttzHW5bfBiFA6mx35ZXHjGLDmKYzW6MMmYvCwuKybANRepwkMYeXw2v1buGg3/lPICY5YlZw==
  dependencies:
    "@vue/compiler-dom" "3.2.36"
    "@vue/compiler-sfc" "3.2.36"
    "@vue/runtime-dom" "3.2.36"
    "@vue/server-renderer" "3.2.36"
    "@vue/shared" "3.2.36"

vue@2.6.11:
  version "2.6.11"
  resolved "https://registry.npmmirror.com/vue/-/vue-2.6.11.tgz#76594d877d4b12234406e84e35275c6d514125c5"
  integrity sha512-VfPwgcGABbGAue9+sfrD4PuwFar7gPb1yl1UK1MwXoQPAw0BKSqWfoYCT/ThFrdEVWoI51dBuyCoiNU9bZDZxQ==

yallist@^4.0.0:
  version "4.0.0"
  resolved "https://registry.npmmirror.com/yallist/-/yallist-4.0.0.tgz#9bb92790d9c0effec63be73519e11a35019a3a72"
  integrity sha512-3wdGidZyq5PB084XLES5TpOSRA3wjXAlIWMhum2kRcv/41Sn2emQ0dycQW4uZXLejwKvg6EsvbdlVL+FYEct7A==

zrender@5.3.1:
  version "5.3.1"
  resolved "https://registry.npmmirror.com/zrender/-/zrender-5.3.1.tgz#fa8e63ac7e719cfd563831fe8c42a9756c5af384"
  integrity sha512-7olqIjy0gWfznKr6vgfnGBk7y4UtdMvdwFmK92vVQsQeDPyzkHW1OlrLEKg6GHz1W5ePf0FeN1q2vkl/HFqhXw==
  dependencies:
    tslib "2.3.0"
